// !$*UTF8*$!
{
	archiveVersion = 1;
	classes = {
	};
	objectVersion = 46;
	objects = {

/* Begin PBXBuildFile section */
		536BF95D1D1D0C7F007E78F2 /* AppDelegate.swift in Sources */ = {isa = PBXBuildFile; fileRef = 536BF95C1D1D0C7F007E78F2 /* AppDelegate.swift */; };
		536BF95F1D1D0C7F007E78F2 /* ViewController.swift in Sources */ = {isa = PBXBuildFile; fileRef = 536BF95E1D1D0C7F007E78F2 /* ViewController.swift */; };
		536BF9621D1D0C7F007E78F2 /* Main.storyboard in Resources */ = {isa = PBXBuildFile; fileRef = 536BF9601D1D0C7F007E78F2 /* Main.storyboard */; };
		536BF9641D1D0C7F007E78F2 /* Assets.xcassets in Resources */ = {isa = PBXBuildFile; fileRef = 536BF9631D1D0C7F007E78F2 /* Assets.xcassets */; };
		536BF9671D1D0C7F007E78F2 /* LaunchScreen.storyboard in Resources */ = {isa = PBXBuildFile; fileRef = 536BF9651D1D0C7F007E78F2 /* LaunchScreen.storyboard */; };
/* End PBXBuildFile section */

/* Begin PBXFileReference section */
		536BF9591D1D0C7F007E78F2 /* Webview homework.app */ = {isa = PBXFileReference; explicitFileType = wrapper.application; includeInIndex = 0; path = "Webview homework.app"; sourceTree = BUILT_PRODUCTS_DIR; };
		536BF95C1D1D0C7F007E78F2 /* AppDelegate.swift */ = {isa = PBXFileReference; lastKnownFileType = sourcecode.swift; path = AppDelegate.swift; sourceTree = "<group>"; };
		536BF95E1D1D0C7F007E78F2 /* ViewController.swift */ = {isa = PBXFileReference; lastKnownFileType = sourcecode.swift; path = ViewController.swift; sourceTree = "<group>"; };
		536BF9611D1D0C7F007E78F2 /* Base */ = {isa = PBXFileReference; lastKnownFileType = file.storyboard; name = Base; path = Base.lproj/Main.storyboard; sourceTree = "<group>"; };
		536BF9631D1D0C7F007E78F2 /* Assets.xcassets */ = {isa = PBXFileReference; lastKnownFileType = folder.assetcatalog; path = Assets.xcassets; sourceTree = "<group>"; };
		536BF9661D1D0C7F007E78F2 /* Base */ = {isa = PBXFileReference; lastKnownFileType = file.storyboard; name = Base; path = Base.lproj/LaunchScreen.storyboard; sourceTree = "<group>"; };
		536BF9681D1D0C7F007E78F2 /* Info.plist */ = {isa = PBXFileReference; lastKnownFileType = text.plist.xml; path = Info.plist; sourceTree = "<group>"; };
/* End PBXFileReference section */

/* Begin PBXFrameworksBuildPhase section */
		536BF9561D1D0C7F007E78F2 /* Frameworks */ = {
			isa = PBXFrameworksBuildPhase;
			buildActionMask = 2147483647;
			files = (
			);
			runOnlyForDeploymentPostprocessing = 0;
		};
/* End PBXFrameworksBuildPhase section */

/* Begin PBXGroup section */
		536BF9501D1D0C7F007E78F2 = {
			isa = PBXGroup;
			children = (
				536BF95B1D1D0C7F007E78F2 /* Webview homework */,
				536BF95A1D1D0C7F007E78F2 /* Products */,
			);
			sourceTree = "<group>";
		};
		536BF95A1D1D0C7F007E78F2 /* Products */ = {
			isa = PBXGroup;
			children = (
				536BF9591D1D0C7F007E78F2 /* Webview homework.app */,
			);
			name = Products;
			sourceTree = "<group>";
		};
		536BF95B1D1D0C7F007E78F2 /* Webview homework */ = {
			isa = PBXGroup;
			children = (
				536BF95C1D1D0C7F007E78F2 /* AppDelegate.swift */,
				536BF95E1D1D0C7F007E78F2 /* ViewController.swift */,
				536BF9601D1D0C7F007E78F2 /* Main.storyboard */,
				536BF9631D1D0C7F007E78F2 /* Assets.xcassets */,
				536BF9651D1D0C7F007E78F2 /* LaunchScreen.storyboard */,
				536BF9681D1D0C7F007E78F2 /* Info.plist */,
			);
			path = "Webview homework";
			sourceTree = "<group>";
		};
/* End PBXGroup section */

/* Begin PBXNativeTarget section */
		536BF9581D1D0C7F007E78F2 /* Webview homework */ = {
			isa = PBXNativeTarget;
			buildConfigurationList = 536BF96B1D1D0C7F007E78F2 /* Build configuration list for PBXNativeTarget "Webview homework" */;
			buildPhases = (
				536BF9551D1D0C7F007E78F2 /* Sources */,
				536BF9561D1D0C7F007E78F2 /* Frameworks */,
				536BF9571D1D0C7F007E78F2 /* Resources */,
			);
			buildRules = (
			);
			dependencies = (
			);
			name = "Webview homework";
			productName = "Webview homework";
			productReference = 536BF9591D1D0C7F007E78F2 /* Webview homework.app */;
			productType = "com.apple.product-type.application";
		};
/* End PBXNativeTarget section */

/* Begin PBXProject section */
		536BF9511D1D0C7F007E78F2 /* Project object */ = {
			isa = PBXProject;
			attributes = {
				LastSwiftUpdateCheck = 0730;
				LastUpgradeCheck = 0730;
				ORGANIZATIONNAME = AlphaCamp;
				TargetAttributes = {
					536BF9581D1D0C7F007E78F2 = {
						CreatedOnToolsVersion = 7.3.1;
					};
				};
			};
			buildConfigurationList = 536BF9541D1D0C7F007E78F2 /* Build configuration list for PBXProject "Webview homework" */;
			compatibilityVersion = "Xcode 3.2";
			developmentRegion = English;
			hasScannedForEncodings = 0;
			knownRegions = (
				en,
				Base,
			);
			mainGroup = 536BF9501D1D0C7F007E78F2;
			productRefGroup = 536BF95A1D1D0C7F007E78F2 /* Products */;
			projectDirPath = "";
			projectRoot = "";
			targets = (
				536BF9581D1D0C7F007E78F2 /* Webview homework */,
			);
		};
/* End PBXProject section */

/* Begin PBXResourcesBuildPhase section */
		536BF9571D1D0C7F007E78F2 /* Resources */ = {
			isa = PBXResourcesBuildPhase;
			buildActionMask = 2147483647;
			files = (
				536BF9671D1D0C7F007E78F2 /* LaunchScreen.storyboard in Resources */,
				536BF9641D1D0C7F007E78F2 /* Assets.xcassets in Resources */,
				536BF9621D1D0C7F007E78F2 /* Main.storyboard in Resources */,
			);
			runOnlyForDeploymentPostprocessing = 0;
		};
/* End PBXResourcesBuildPhase section */

/* Begin PBXSourcesBuildPhase section */
		536BF9551D1D0C7F007E78F2 /* Sources */ = {
			isa = PBXSourcesBuildPhase;
			buildActionMask = 2147483647;
			files = (
				536BF95F1D1D0C7F007E78F2 /* ViewController.swift in Sources */,
				536BF95D1D1D0C7F007E78F2 /* AppDelegate.swift in Sources */,
			);
			runOnlyForDeploymentPostprocessing = 0;
		};
/* End PBXSourcesBuildPhase section */

/* Begin PBXVariantGroup section */
		536BF9601D1D0C7F007E78F2 /* Main.storyboard */ = {
			isa = PBXVariantGroup;
			children = (
				536BF9611D1D0C7F007E78F2 /* Base */,
			);
			name = Main.storyboard;
			sourceTree = "<group>";
		};
		536BF9651D1D0C7F007E78F2 /* LaunchScreen.storyboard */ = {
			isa = PBXVariantGroup;
			children = (
				536BF9661D1D0C7F007E78F2 /* Base */,
			);
			name = LaunchScreen.storyboard;
			sourceTree = "<group>";
		};
/* End PBXVariantGroup section */

/* Begin XCBuildConfiguration section */
		536BF9691D1D0C7F007E78F2 /* Debug */ = {
			isa = XCBuildConfiguration;
			buildSettings = {
				ALWAYS_SEARCH_USER_PATHS = NO;
				CLANG_ANALYZER_NONNULL = YES;
				CLANG_CXX_LANGUAGE_STANDARD = "gnu++0x";
				CLANG_CXX_LIBRARY = "libc++";
				CLANG_ENABLE_MODULES = YES;
				CLANG_ENABLE_OBJC_ARC = YES;
				CLANG_WARN_BOOL_CONVERSION = YES;
				CLANG_WARN_CONSTANT_CONVERSION = YES;
				CLANG_WARN_DIRECT_OBJC_ISA_USAGE = YES_ERROR;
				CLANG_WARN_EMPTY_BODY = YES;
				CLANG_WARN_ENUM_CONVERSION = YES;
				CLANG_WARN_INT_CONVERSION = YES;
				CLANG_WARN_OBJC_ROOT_CLASS = YES_ERROR;
				CLANG_WARN_UNREACHABLE_CODE = YES;
				CLANG_WARN__DUPLICATE_METHOD_MATCH = YES;
				"CODE_SIGN_IDENTITY[sdk=iphoneos*]" = "iPhone Developer";
				COPY_PHASE_STRIP = NO;
				DEBUG_INFORMATION_FORMAT = dwarf;
				ENABLE_STRICT_OBJC_MSGSEND = YES;
				ENABLE_TESTABILITY = YES;
				GCC_C_LANGUAGE_STANDARD = gnu99;
				GCC_DYNAMIC_NO_PIC = NO;
				GCC_NO_COMMON_BLOCKS = YES;
				GCC_OPTIMIZATION_LEVEL = 0;
				GCC_PREPROCESSOR_DEFINITIONS = (
					"DEBUG=1",
					"$(inherited)",
				);
				GCC_WARN_64_TO_32_BIT_CONVERSION = YES;
				GCC_WARN_ABOUT_RETURN_TYPE = YES_ERROR;
				GCC_WARN_UNDECLARED_SELECTOR = YES;
				GCC_WARN_UNINITIALIZED_AUTOS = YES_AGGRESSIVE;
				GCC_WARN_UNUSED_FUNCTION = YES;
				GCC_WARN_UNUSED_VARIABLE = YES;
				IPHONEOS_DEPLOYMENT_TARGET = 9.3;
				MTL_ENABLE_DEBUG_INFO = YES;
				ONLY_ACTIVE_ARCH = YES;
				SDKROOT = iphoneos;
				SWIFT_OPTIMIZATION_LEVEL = "-Onone";
			};
			name = Debug;
		};
		536BF96A1D1D0C7F007E78F2 /* Release */ = {
			isa = XCBuildConfiguration;
			buildSettings = {
				ALWAYS_SEARCH_USER_PATHS = NO;
				CLANG_ANALYZER_NONNULL = YES;
				CLANG_CXX_LANGUAGE_STANDARD = "gnu++0x";
				CLANG_CXX_LIBRARY = "libc++";
				CLANG_ENABLE_MODULES = YES;
				CLANG_ENABLE_OBJC_ARC = YES;
				CLANG_WARN_BOOL_CONVERSION = YES;
				CLANG_WARN_CONSTANT_CONVERSION = YES;
				CLANG_WARN_DIRECT_OBJC_ISA_USAGE = YES_ERROR;
				CLANG_WARN_EMPTY_BODY = YES;
				CLANG_WARN_ENUM_CONVERSION = YES;
				CLANG_WARN_INT_CONVERSION = YES;
				CLANG_WARN_OBJC_ROOT_CLASS = YES_ERROR;
				CLANG_WARN_UNREACHABLE_CODE = YES;
				CLANG_WARN__DUPLICATE_METHOD_MATCH = YES;
				"CODE_SIGN_IDENTITY[sdk=iphoneos*]" = "iPhone Developer";
				COPY_PHASE_STRIP = NO;
				DEBUG_INFORMATION_FORMAT = "dwarf-with-dsym";
				ENABLE_NS_ASSERTIONS = NO;
				ENABLE_STRICT_OBJC_MSGSEND = YES;
				GCC_C_LANGUAGE_STANDARD = gnu99;
				GCC_NO_COMMON_BLOCKS = YES;
				GCC_WARN_64_TO_32_BIT_CONVERSION = YES;
				GCC_WARN_ABOUT_RETURN_TYPE = YES_ERROR;
				GCC_WARN_UNDECLARED_SELECTOR = YES;
				GCC_WARN_UNINITIALIZED_AUTOS = YES_AGGRESSIVE;
				GCC_WARN_UNUSED_FUNCTION = YES;
				GCC_WARN_UNUSED_VARIABLE = YES;
				IPHONEOS_DEPLOYMENT_TARGET = 9.3;
				MTL_ENABLE_DEBUG_INFO = NO;
				SDKROOT = iphoneos;
				VALIDATE_PRODUCT = YES;
			};
			name = Release;
		};
		536BF96C1D1D0C7F007E78F2 /* Debug */ = {
			isa = XCBuildConfiguration;
			buildSettings = {
				ASSETCATALOG_COMPILER_APPICON_NAME = AppIcon;
				INFOPLIST_FILE = "Webview homework/Info.plist";
				LD_RUNPATH_SEARCH_PATHS = "$(inherited) @executable_path/Frameworks";
				PRODUCT_BUNDLE_IDENTIFIER = "co.Alpha-camp.Webview-homework";
				PRODUCT_NAME = "$(TARGET_NAME)";
			};
			name = Debug;
		};
		536BF96D1D1D0C7F007E78F2 /* Release */ = {
			isa = XCBuildConfiguration;
			buildSettings = {
				ASSETCATALOG_COMPILER_APPICON_NAME = AppIcon;
				INFOPLIST_FILE = "Webview homework/Info.plist";
				LD_RUNPATH_SEARCH_PATHS = "$(inherited) @executable_path/Frameworks";
				PRODUCT_BUNDLE_IDENTIFIER = "co.Alpha-camp.Webview-homework";
				PRODUCT_NAME = "$(TARGET_NAME)";
			};
			name = Release;
		};
/* End XCBuildConfiguration section */

/* Begin XCConfigurationList section */
		536BF9541D1D0C7F007E78F2 /* Build configuration list for PBXProject "Webview homework" */ = {
			isa = XCConfigurationList;
			buildConfigurations = (
				536BF9691D1D0C7F007E78F2 /* Debug */,
				536BF96A1D1D0C7F007E78F2 /* Release */,
			);
			defaultConfigurationIsVisible = 0;
			defaultConfigurationName = Release;
		};
		536BF96B1D1D0C7F007E78F2 /* Build configuration list for PBXNativeTarget "Webview homework" */ = {
			isa = XCConfigurationList;
			buildConfigurations = (
				536BF96C1D1D0C7F007E78F2 /* Debug */,
				536BF96D1D1D0C7F007E78F2 /* Release */,
			);
			defaultConfigurationIsVisible = 0;
		};
/* End XCConfigurationList section */
	};
	rootObject = 536BF9511D1D0C7F007E78F2 /* Project object */;
}
